// !$*UTF8*$!
{
	archiveVersion = 1;
	classes = {
	};
	objectVersion = 77;
	objects = {

/* Begin PBXBuildFile section */
		A30000000000000000000C /* CruisyWidgets.appex in Embed Foundation Extensions */ = {isa = PBXBuildFile; fileRef = A300000000000000000001 /* CruisyWidgets.appex */; settings = {ATTRIBUTES = (RemoveHeadersOnCopy, ); }; };
/* End PBXBuildFile section */

/* Begin PBXContainerItemProxy section */
		A20000000000000000000A /* PBXContainerItemProxy */ = {
			isa = PBXContainerItemProxy;
			containerPortal = A100000000000000000009 /* Project object */;
			proxyType = 1;
			remoteGlobalIDString = A100000000000000000006;
			remoteInfo = Cruisy;
		};
		A30000000000000000000A /* PBXContainerItemProxy */ = {
			isa = PBXContainerItemProxy;
			containerPortal = A100000000000000000009 /* Project object */;
			proxyType = 1;
			remoteGlobalIDString = A300000000000000000006;
			remoteInfo = CruisyWidgets;
		};
		A40000000000000000000A /* PBXContainerItemProxy */ = {
			isa = PBXContainerItemProxy;
			containerPortal = A100000000000000000009 /* Project object */;
			proxyType = 1;
			remoteGlobalIDString = A100000000000000000006;
			remoteInfo = Cruisy;
		};
/* End PBXContainerItemProxy section */

/* Begin PBXCopyFilesBuildPhase section */
		A30000000000000000000B /* Embed Foundation Extensions */ = {
			isa = PBXCopyFilesBuildPhase;
			buildActionMask = 2147483647;
			dstPath = "";
			dstSubfolderSpec = 13;
			files = (
				A30000000000000000000C /* CruisyWidgets.appex in Embed Foundation Extensions */,
			);
			name = "Embed Foundation Extensions";
			runOnlyForDeploymentPostprocessing = 0;
		};
/* End PBXCopyFilesBuildPhase section */

/* Begin PBXFileReference section */
		A100000000000000000001 /* Cruisy.app */ = {isa = PBXFileReference; explicitFileType = wrapper.application; includeInIndex = 0; path = Cruisy.app; sourceTree = BUILT_PRODUCTS_DIR; };
		A200000000000000000001 /* CruisyTests.xctest */ = {isa = PBXFileReference; explicitFileType = wrapper.cfbundle; includeInIndex = 0; path = CruisyTests.xctest; sourceTree = BUILT_PRODUCTS_DIR; };
		A300000000000000000001 /* CruisyWidgets.appex */ = {isa = PBXFileReference; explicitFileType = "wrapper.app-extension"; includeInIndex = 0; path = CruisyWidgets.appex; sourceTree = BUILT_PRODUCTS_DIR; };
		A400000000000000000001 /* CruisyUITests.xctest */ = {isa = PBXFileReference; explicitFileType = wrapper.cfbundle; includeInIndex = 0; path = CruisyUITests.xctest; sourceTree = BUILT_PRODUCTS_DIR; };
/* End PBXFileReference section */

/* Begin PBXFileSystemSynchronizedRootGroup section */
		A100000000000000000002 /* Cruisy */ = {
			isa = PBXFileSystemSynchronizedRootGroup;
			path = Cruisy;
			sourceTree = "<group>";
		};
		A10000000000000000000B /* CruisyShared */ = {
			isa = PBXFileSystemSynchronizedRootGroup;
			path = CruisyShared;
			sourceTree = "<group>";
		};
		A200000000000000000002 /* CruisyTests */ = {
			isa = PBXFileSystemSynchronizedRootGroup;
			path = CruisyTests;
			sourceTree = "<group>";
		};
		A300000000000000000002 /* CruisyWidgets */ = {
			isa = PBXFileSystemSynchronizedRootGroup;
			path = CruisyWidgets;
			sourceTree = "<group>";
		};
		A400000000000000000002 /* CruisyUITests */ = {
			isa = PBXFileSystemSynchronizedRootGroup;
			path = CruisyUITests;
			sourceTree = "<group>";
		};
/* End PBXFileSystemSynchronizedRootGroup section */

/* Begin PBXFrameworksBuildPhase section */
		A100000000000000000003 /* Frameworks */ = {
			isa = PBXFrameworksBuildPhase;
			buildActionMask = 2147483647;
			files = (
			);
			runOnlyForDeploymentPostprocessing = 0;
		};
		A200000000000000000003 /* Frameworks */ = {
			isa = PBXFrameworksBuildPhase;
			buildActionMask = 2147483647;
			files = (
			);
			runOnlyForDeploymentPostprocessing = 0;
		};
		A300000000000000000003 /* Frameworks */ = {
			isa = PBXFrameworksBuildPhase;
			buildActionMask = 2147483647;
			files = (
			);
			runOnlyForDeploymentPostprocessing = 0;
		};
		A400000000000000000003 /* Frameworks */ = {
			isa = PBXFrameworksBuildPhase;
			buildActionMask = 2147483647;
			files = (
			);
			runOnlyForDeploymentPostprocessing = 0;
		};
/* End PBXFrameworksBuildPhase section */

/* Begin PBXGroup section */
		A100000000000000000004 = {
			isa = PBXGroup;
			children = (
				A100000000000000000002 /* Cruisy */,
				A10000000000000000000B /* CruisyShared */,
				A200000000000000000002 /* CruisyTests */,
				A300000000000000000002 /* CruisyWidgets */,
				A400000000000000000002 /* CruisyUITests */,
				A100000000000000000005 /* Products */,
			);
			sourceTree = "<group>";
		};
		A100000000000000000005 /* Products */ = {
			isa = PBXGroup;
			children = (
				A100000000000000000001 /* Cruisy.app */,
				A200000000000000000001 /* CruisyTests.xctest */,
				A300000000000000000001 /* CruisyWidgets.appex */,
				A400000000000000000001 /* CruisyUITests.xctest */,
			);
			name = Products;
			sourceTree = "<group>";
		};
/* End PBXGroup section */

/* Begin PBXNativeTarget section */
		A100000000000000000006 /* Cruisy */ = {
			isa = PBXNativeTarget;
			buildConfigurationList = A100000000000000000010 /* Build configuration list for PBXNativeTarget "Cruisy" */;
			buildPhases = (
				A100000000000000000007 /* Sources */,
				A100000000000000000003 /* Frameworks */,
				A100000000000000000008 /* Resources */,
				A30000000000000000000B /* Embed Foundation Extensions */,
			);
			buildRules = (
			);
			dependencies = (
				A300000000000000000009 /* PBXTargetDependency */,
			);
			fileSystemSynchronizedGroups = (
				A100000000000000000002 /* Cruisy */,
				A10000000000000000000B /* CruisyShared */,
			);
			name = Cruisy;
			packageProductDependencies = (
			);
			productName = Cruisy;
			productReference = A100000000000000000001 /* Cruisy.app */;
			productType = "com.apple.product-type.application";
		};
		A200000000000000000006 /* CruisyTests */ = {
			isa = PBXNativeTarget;
			buildConfigurationList = A200000000000000000010 /* Build configuration list for PBXNativeTarget "CruisyTests" */;
			buildPhases = (
				A200000000000000000007 /* Sources */,
				A200000000000000000003 /* Frameworks */,
				A200000000000000000008 /* Resources */,
			);
			buildRules = (
			);
			dependencies = (
				A200000000000000000009 /* PBXTargetDependency */,
			);
			fileSystemSynchronizedGroups = (
				A200000000000000000002 /* CruisyTests */,
			);
			name = CruisyTests;
			packageProductDependencies = (
			);
			productName = CruisyTests;
			productReference = A200000000000000000001 /* CruisyTests.xctest */;
			productType = "com.apple.product-type.bundle.unit-test";
		};
		A300000000000000000006 /* CruisyWidgets */ = {
			isa = PBXNativeTarget;
			buildConfigurationList = A300000000000000000010 /* Build configuration list for PBXNativeTarget "CruisyWidgets" */;
			buildPhases = (
				A300000000000000000007 /* Sources */,
				A300000000000000000003 /* Frameworks */,
				A300000000000000000008 /* Resources */,
			);
			buildRules = (
			);
			dependencies = (
			);
			fileSystemSynchronizedGroups = (
				A10000000000000000000B /* CruisyShared */,
				A300000000000000000002 /* CruisyWidgets */,
			);
			name = CruisyWidgets;
			packageProductDependencies = (
			);
			productName = CruisyWidgets;
			productReference = A300000000000000000001 /* CruisyWidgets.appex */;
			productType = "com.apple.product-type.app-extension";
		};
		A400000000000000000006 /* CruisyUITests */ = {
			isa = PBXNativeTarget;
			buildConfigurationList = A400000000000000000010 /* Build configuration list for PBXNativeTarget "CruisyUITests" */;
			buildPhases = (
				A400000000000000000007 /* Sources */,
				A400000000000000000003 /* Frameworks */,
				A400000000000000000008 /* Resources */,
			);
			buildRules = (
			);
			dependencies = (
				A400000000000000000009 /* PBXTargetDependency */,
			);
			fileSystemSynchronizedGroups = (
				A400000000000000000002 /* CruisyUITests */,
			);
			name = CruisyUITests;
			packageProductDependencies = (
			);
			productName = CruisyUITests;
			productReference = A400000000000000000001 /* CruisyUITests.xctest */;
			productType = "com.apple.product-type.bundle.ui-testing";
		};
/* End PBXNativeTarget section */

/* Begin PBXProject section */
		A100000000000000000009 /* Project object */ = {
			isa = PBXProject;
			attributes = {
				BuildIndependentTargetsInParallel = 1;
				LastSwiftUpdateCheck = 2700;
				LastUpgradeCheck = 2700;
				TargetAttributes = {
					A100000000000000000006 = {
						CreatedOnToolsVersion = 27.0;
					};
					A200000000000000000006 = {
						CreatedOnToolsVersion = 27.0;
						TestTargetID = A100000000000000000006;
					};
					A300000000000000000006 = {
						CreatedOnToolsVersion = 27.0;
					};
					A400000000000000000006 = {
						CreatedOnToolsVersion = 27.0;
						TestTargetID = A100000000000000000006;
					};
				};
			};
			buildConfigurationList = A100000000000000000011 /* Build configuration list for PBXProject "Cruisy" */;
			developmentRegion = it;
			hasScannedForEncodings = 0;
			knownRegions = (
				it,
				en,
				Base,
			);
			mainGroup = A100000000000000000004;
			minimizedProjectReferenceProxies = 1;
			preferredProjectObjectVersion = 77;
			productRefGroup = A100000000000000000005 /* Products */;
			projectDirPath = "";
			projectRoot = "";
			targets = (
				A100000000000000000006 /* Cruisy */,
				A200000000000000000006 /* CruisyTests */,
				A300000000000000000006 /* CruisyWidgets */,
				A400000000000000000006 /* CruisyUITests */,
			);
		};
/* End PBXProject section */

/* Begin PBXResourcesBuildPhase section */
		A100000000000000000008 /* Resources */ = {
			isa = PBXResourcesBuildPhase;
			buildActionMask = 2147483647;
			files = (
			);
			runOnlyForDeploymentPostprocessing = 0;
		};
		A200000000000000000008 /* Resources */ = {
			isa = PBXResourcesBuildPhase;
			buildActionMask = 2147483647;
			files = (
			);
			runOnlyForDeploymentPostprocessing = 0;
		};
		A300000000000000000008 /* Resources */ = {
			isa = PBXResourcesBuildPhase;
			buildActionMask = 2147483647;
			files = (
			);
			runOnlyForDeploymentPostprocessing = 0;
		};
		A400000000000000000008 /* Resources */ = {
			isa = PBXResourcesBuildPhase;
			buildActionMask = 2147483647;
			files = (
			);
			runOnlyForDeploymentPostprocessing = 0;
		};
/* End PBXResourcesBuildPhase section */

/* Begin PBXSourcesBuildPhase section */
		A100000000000000000007 /* Sources */ = {
			isa = PBXSourcesBuildPhase;
			buildActionMask = 2147483647;
			files = (
			);
			runOnlyForDeploymentPostprocessing = 0;
		};
		A200000000000000000007 /* Sources */ = {
			isa = PBXSourcesBuildPhase;
			buildActionMask = 2147483647;
			files = (
			);
			runOnlyForDeploymentPostprocessing = 0;
		};
		A300000000000000000007 /* Sources */ = {
			isa = PBXSourcesBuildPhase;
			buildActionMask = 2147483647;
			files = (
			);
			runOnlyForDeploymentPostprocessing = 0;
		};
		A400000000000000000007 /* Sources */ = {
			isa = PBXSourcesBuildPhase;
			buildActionMask = 2147483647;
			files = (
			);
			runOnlyForDeploymentPostprocessing = 0;
		};
/* End PBXSourcesBuildPhase section */

/* Begin PBXTargetDependency section */
		A200000000000000000009 /* PBXTargetDependency */ = {
			isa = PBXTargetDependency;
			target = A100000000000000000006 /* Cruisy */;
			targetProxy = A20000000000000000000A /* PBXContainerItemProxy */;
		};
		A300000000000000000009 /* PBXTargetDependency */ = {
			isa = PBXTargetDependency;
			target = A300000000000000000006 /* CruisyWidgets */;
			targetProxy = A30000000000000000000A /* PBXContainerItemProxy */;
		};
		A400000000000000000009 /* PBXTargetDependency */ = {
			isa = PBXTargetDependency;
			target = A100000000000000000006 /* Cruisy */;
			targetProxy = A40000000000000000000A /* PBXContainerItemProxy */;
		};
/* End PBXTargetDependency section */

/* Begin XCBuildConfiguration section */
		A100000000000000000012 /* Debug */ = {
			isa = XCBuildConfiguration;
			buildSettings = {
				ALWAYS_SEARCH_USER_PATHS = NO;
				ASSETCATALOG_COMPILER_GENERATE_SWIFT_ASSET_SYMBOL_EXTENSIONS = YES;
				CLANG_ENABLE_MODULES = YES;
				CLANG_ENABLE_OBJC_ARC = YES;
				COPY_PHASE_STRIP = NO;
				DEBUG_INFORMATION_FORMAT = dwarf;
				ENABLE_STRICT_OBJC_MSGSEND = YES;
				ENABLE_TESTABILITY = YES;
				ENABLE_USER_SCRIPT_SANDBOXING = YES;
				GCC_C_LANGUAGE_STANDARD = gnu17;
				GCC_DYNAMIC_NO_PIC = NO;
				GCC_NO_COMMON_BLOCKS = YES;
				GCC_OPTIMIZATION_LEVEL = 0;
				GCC_PREPROCESSOR_DEFINITIONS = (
					"DEBUG=1",
					"$(inherited)",
				);
				IPHONEOS_DEPLOYMENT_TARGET = 26.0;
				MTL_ENABLE_DEBUG_INFO = INCLUDE_SOURCE;
				MTL_FAST_MATH = YES;
				ONLY_ACTIVE_ARCH = YES;
				SDKROOT = iphoneos;
				SWIFT_ACTIVE_COMPILATION_CONDITIONS = "DEBUG $(inherited)";
				SWIFT_OPTIMIZATION_LEVEL = "-Onone";
			};
			name = Debug;
		};
		A100000000000000000013 /* Release */ = {
			isa = XCBuildConfiguration;
			buildSettings = {
				ALWAYS_SEARCH_USER_PATHS = NO;
				ASSETCATALOG_COMPILER_GENERATE_SWIFT_ASSET_SYMBOL_EXTENSIONS = YES;
				CLANG_ENABLE_MODULES = YES;
				CLANG_ENABLE_OBJC_ARC = YES;
				COPY_PHASE_STRIP = NO;
				DEBUG_INFORMATION_FORMAT = "dwarf-with-dsym";
				ENABLE_NS_ASSERTIONS = NO;
				ENABLE_STRICT_OBJC_MSGSEND = YES;
				ENABLE_USER_SCRIPT_SANDBOXING = YES;
				GCC_C_LANGUAGE_STANDARD = gnu17;
				GCC_NO_COMMON_BLOCKS = YES;
				IPHONEOS_DEPLOYMENT_TARGET = 26.0;
				MTL_ENABLE_DEBUG_INFO = NO;
				MTL_FAST_MATH = YES;
				SDKROOT = iphoneos;
				SWIFT_COMPILATION_MODE = wholemodule;
				VALIDATE_PRODUCT = YES;
			};
			name = Release;
		};
		A100000000000000000014 /* Debug */ = {
			isa = XCBuildConfiguration;
			buildSettings = {
				ASSETCATALOG_COMPILER_APPICON_NAME = Cruisy;
				ASSETCATALOG_COMPILER_GLOBAL_ACCENT_COLOR_NAME = AccentColor;
				ASSETCATALOG_COMPILER_INCLUDE_ALL_APPICON_ASSETS = NO;
				CODE_SIGN_ENTITLEMENTS = Cruisy/Cruisy.entitlements;
				CODE_SIGN_STYLE = Automatic;
				CURRENT_PROJECT_VERSION = 1;
				DEVELOPMENT_ASSET_PATHS = "";
				DEVELOPMENT_TEAM = G63U2B5P69;
				ENABLE_PREVIEWS = YES;
				GENERATE_INFOPLIST_FILE = YES;
				INFOPLIST_FILE = "Cruisy-Info.plist";
				INFOPLIST_KEY_CFBundleDisplayName = Cruisy;
				INFOPLIST_KEY_ITSAppUsesNonExemptEncryption = NO;
				INFOPLIST_KEY_NSCameraUsageDescription = "Serve per fotografare il programma di bordo o la conferma della crociera e compilare l'itinerario da solo. Le immagini non escono dal telefono.";
				INFOPLIST_KEY_NSLocationAlwaysAndWhenInUseUsageDescription = "Serve solo se accendi la registrazione della rotta: Cruisy segna dove passa la nave anche col telefono in tasca, per disegnare la traversata nel diario e contare le miglia vere. Si spegne da sola quando sbarchi, e la rotta resta sul telefono.";
				INFOPLIST_KEY_NSLocationWhenInUseUsageDescription = "Serve per mostrare la posizione della nave sulla carta e quanto sei lontano dal molo quando sei sceso a terra. La posizione resta sul telefono.";
				INFOPLIST_KEY_NSSupportsLiveActivities = YES;
				INFOPLIST_KEY_UIApplicationSceneManifest_Generation = YES;
				INFOPLIST_KEY_UILaunchScreen_Generation = YES;
				INFOPLIST_KEY_UIStatusBarStyle = UIStatusBarStyleLightContent;
				INFOPLIST_KEY_UISupportedInterfaceOrientations_iPad = "UIInterfaceOrientationPortrait UIInterfaceOrientationPortraitUpsideDown UIInterfaceOrientationLandscapeLeft UIInterfaceOrientationLandscapeRight";
				INFOPLIST_KEY_UISupportedInterfaceOrientations_iPhone = UIInterfaceOrientationPortrait;
				INFOPLIST_KEY_UIUserInterfaceStyle = Dark;
				LD_RUNPATH_SEARCH_PATHS = (
					"$(inherited)",
					"@executable_path/Frameworks",
				);
				MARKETING_VERSION = 1.0;
				PRODUCT_BUNDLE_IDENTIFIER = it.matteopapini.Cruisy;
				PRODUCT_NAME = "$(TARGET_NAME)";
				SWIFT_EMIT_LOC_STRINGS = YES;
				SWIFT_VERSION = 5.0;
				TARGETED_DEVICE_FAMILY = "1,2";
			};
			name = Debug;
		};
		A100000000000000000015 /* Release */ = {
			isa = XCBuildConfiguration;
			buildSettings = {
				ASSETCATALOG_COMPILER_APPICON_NAME = Cruisy;
				ASSETCATALOG_COMPILER_GLOBAL_ACCENT_COLOR_NAME = AccentColor;
				ASSETCATALOG_COMPILER_INCLUDE_ALL_APPICON_ASSETS = NO;
				CODE_SIGN_ENTITLEMENTS = Cruisy/Cruisy.entitlements;
				CODE_SIGN_STYLE = Automatic;
				CURRENT_PROJECT_VERSION = 1;
				DEVELOPMENT_ASSET_PATHS = "";
				DEVELOPMENT_TEAM = G63U2B5P69;
				ENABLE_PREVIEWS = YES;
				GENERATE_INFOPLIST_FILE = YES;
				INFOPLIST_FILE = "Cruisy-Info.plist";
				INFOPLIST_KEY_CFBundleDisplayName = Cruisy;
				INFOPLIST_KEY_ITSAppUsesNonExemptEncryption = NO;
				INFOPLIST_KEY_NSCameraUsageDescription = "Serve per fotografare il programma di bordo o la conferma della crociera e compilare l'itinerario da solo. Le immagini non escono dal telefono.";
				INFOPLIST_KEY_NSLocationAlwaysAndWhenInUseUsageDescription = "Serve solo se accendi la registrazione della rotta: Cruisy segna dove passa la nave anche col telefono in tasca, per disegnare la traversata nel diario e contare le miglia vere. Si spegne da sola quando sbarchi, e la rotta resta sul telefono.";
				INFOPLIST_KEY_NSLocationWhenInUseUsageDescription = "Serve per mostrare la posizione della nave sulla carta e quanto sei lontano dal molo quando sei sceso a terra. La posizione resta sul telefono.";
				INFOPLIST_KEY_NSSupportsLiveActivities = YES;
				INFOPLIST_KEY_UIApplicationSceneManifest_Generation = YES;
				INFOPLIST_KEY_UILaunchScreen_Generation = YES;
				INFOPLIST_KEY_UIStatusBarStyle = UIStatusBarStyleLightContent;
				INFOPLIST_KEY_UISupportedInterfaceOrientations_iPad = "UIInterfaceOrientationPortrait UIInterfaceOrientationPortraitUpsideDown UIInterfaceOrientationLandscapeLeft UIInterfaceOrientationLandscapeRight";
				INFOPLIST_KEY_UISupportedInterfaceOrientations_iPhone = UIInterfaceOrientationPortrait;
				INFOPLIST_KEY_UIUserInterfaceStyle = Dark;
				LD_RUNPATH_SEARCH_PATHS = (
					"$(inherited)",
					"@executable_path/Frameworks",
				);
				MARKETING_VERSION = 1.0;
				PRODUCT_BUNDLE_IDENTIFIER = it.matteopapini.Cruisy;
				PRODUCT_NAME = "$(TARGET_NAME)";
				SWIFT_EMIT_LOC_STRINGS = YES;
				SWIFT_VERSION = 5.0;
				TARGETED_DEVICE_FAMILY = "1,2";
			};
			name = Release;
		};
		A200000000000000000014 /* Debug */ = {
			isa = XCBuildConfiguration;
			buildSettings = {
				ALWAYS_EMBED_SWIFT_STANDARD_LIBRARIES = YES;
				BUNDLE_LOADER = "$(TEST_HOST)";
				CODE_SIGN_STYLE = Automatic;
				CURRENT_PROJECT_VERSION = 1;
				GENERATE_INFOPLIST_FILE = YES;
				IPHONEOS_DEPLOYMENT_TARGET = 26.0;
				MARKETING_VERSION = 1.0;
				PRODUCT_BUNDLE_IDENTIFIER = it.matteopapini.CruisyTests;
				PRODUCT_NAME = "$(TARGET_NAME)";
				SWIFT_EMIT_LOC_STRINGS = NO;
				SWIFT_VERSION = 5.0;
				TARGETED_DEVICE_FAMILY = "1,2";
				TEST_HOST = "$(BUILT_PRODUCTS_DIR)/Cruisy.app/$(BUNDLE_EXECUTABLE_FOLDER_PATH)/Cruisy";
			};
			name = Debug;
		};
		A200000000000000000015 /* Release */ = {
			isa = XCBuildConfiguration;
			buildSettings = {
				ALWAYS_EMBED_SWIFT_STANDARD_LIBRARIES = YES;
				BUNDLE_LOADER = "$(TEST_HOST)";
				CODE_SIGN_STYLE = Automatic;
				CURRENT_PROJECT_VERSION = 1;
				GENERATE_INFOPLIST_FILE = YES;
				IPHONEOS_DEPLOYMENT_TARGET = 26.0;
				MARKETING_VERSION = 1.0;
				PRODUCT_BUNDLE_IDENTIFIER = it.matteopapini.CruisyTests;
				PRODUCT_NAME = "$(TARGET_NAME)";
				SWIFT_EMIT_LOC_STRINGS = NO;
				SWIFT_VERSION = 5.0;
				TARGETED_DEVICE_FAMILY = "1,2";
				TEST_HOST = "$(BUILT_PRODUCTS_DIR)/Cruisy.app/$(BUNDLE_EXECUTABLE_FOLDER_PATH)/Cruisy";
			};
			name = Release;
		};
		A300000000000000000014 /* Debug */ = {
			isa = XCBuildConfiguration;
			buildSettings = {
				ASSETCATALOG_COMPILER_GLOBAL_ACCENT_COLOR_NAME = AccentColor;
				CODE_SIGN_ENTITLEMENTS = CruisyWidgets/CruisyWidgets.entitlements;
				CODE_SIGN_STYLE = Automatic;
				CURRENT_PROJECT_VERSION = 1;
				DEVELOPMENT_TEAM = G63U2B5P69;
				ENABLE_PREVIEWS = YES;
				GENERATE_INFOPLIST_FILE = YES;
				INFOPLIST_FILE = "CruisyWidgets-Info.plist";
				INFOPLIST_KEY_CFBundleDisplayName = Cruisy;
				IPHONEOS_DEPLOYMENT_TARGET = 26.0;
				LD_RUNPATH_SEARCH_PATHS = (
					"$(inherited)",
					"@executable_path/Frameworks",
					"@executable_path/../../Frameworks",
				);
				MARKETING_VERSION = 1.0;
				PRODUCT_BUNDLE_IDENTIFIER = it.matteopapini.Cruisy.Widgets;
				PRODUCT_NAME = "$(TARGET_NAME)";
				SKIP_INSTALL = YES;
				SWIFT_EMIT_LOC_STRINGS = YES;
				SWIFT_VERSION = 5.0;
				TARGETED_DEVICE_FAMILY = "1,2";
			};
			name = Debug;
		};
		A300000000000000000015 /* Release */ = {
			isa = XCBuildConfiguration;
			buildSettings = {
				ASSETCATALOG_COMPILER_GLOBAL_ACCENT_COLOR_NAME = AccentColor;
				CODE_SIGN_ENTITLEMENTS = CruisyWidgets/CruisyWidgets.entitlements;
				CODE_SIGN_STYLE = Automatic;
				CURRENT_PROJECT_VERSION = 1;
				DEVELOPMENT_TEAM = G63U2B5P69;
				ENABLE_PREVIEWS = YES;
				GENERATE_INFOPLIST_FILE = YES;
				INFOPLIST_FILE = "CruisyWidgets-Info.plist";
				INFOPLIST_KEY_CFBundleDisplayName = Cruisy;
				IPHONEOS_DEPLOYMENT_TARGET = 26.0;
				LD_RUNPATH_SEARCH_PATHS = (
					"$(inherited)",
					"@executable_path/Frameworks",
					"@executable_path/../../Frameworks",
				);
				MARKETING_VERSION = 1.0;
				PRODUCT_BUNDLE_IDENTIFIER = it.matteopapini.Cruisy.Widgets;
				PRODUCT_NAME = "$(TARGET_NAME)";
				SKIP_INSTALL = YES;
				SWIFT_EMIT_LOC_STRINGS = YES;
				SWIFT_VERSION = 5.0;
				TARGETED_DEVICE_FAMILY = "1,2";
			};
			name = Release;
		};
		A400000000000000000014 /* Debug */ = {
			isa = XCBuildConfiguration;
			buildSettings = {
				CODE_SIGN_STYLE = Automatic;
				CURRENT_PROJECT_VERSION = 1;
				GENERATE_INFOPLIST_FILE = YES;
				IPHONEOS_DEPLOYMENT_TARGET = 26.0;
				MARKETING_VERSION = 1.0;
				PRODUCT_BUNDLE_IDENTIFIER = it.matteopapini.CruisyUITests;
				PRODUCT_NAME = "$(TARGET_NAME)";
				SWIFT_EMIT_LOC_STRINGS = NO;
				SWIFT_VERSION = 5.0;
				TARGETED_DEVICE_FAMILY = "1,2";
				TEST_TARGET_NAME = Cruisy;
			};
			name = Debug;
		};
		A400000000000000000015 /* Release */ = {
			isa = XCBuildConfiguration;
			buildSettings = {
				CODE_SIGN_STYLE = Automatic;
				CURRENT_PROJECT_VERSION = 1;
				GENERATE_INFOPLIST_FILE = YES;
				IPHONEOS_DEPLOYMENT_TARGET = 26.0;
				MARKETING_VERSION = 1.0;
				PRODUCT_BUNDLE_IDENTIFIER = it.matteopapini.CruisyUITests;
				PRODUCT_NAME = "$(TARGET_NAME)";
				SWIFT_EMIT_LOC_STRINGS = NO;
				SWIFT_VERSION = 5.0;
				TARGETED_DEVICE_FAMILY = "1,2";
				TEST_TARGET_NAME = Cruisy;
			};
			name = Release;
		};
/* End XCBuildConfiguration section */

/* Begin XCConfigurationList section */
		A100000000000000000010 /* Build configuration list for PBXNativeTarget "Cruisy" */ = {
			isa = XCConfigurationList;
			buildConfigurations = (
				A100000000000000000014 /* Debug */,
				A100000000000000000015 /* Release */,
			);
			defaultConfigurationIsVisible = 0;
			defaultConfigurationName = Release;
		};
		A100000000000000000011 /* Build configuration list for PBXProject "Cruisy" */ = {
			isa = XCConfigurationList;
			buildConfigurations = (
				A100000000000000000012 /* Debug */,
				A100000000000000000013 /* Release */,
			);
			defaultConfigurationIsVisible = 0;
			defaultConfigurationName = Release;
		};
		A200000000000000000010 /* Build configuration list for PBXNativeTarget "CruisyTests" */ = {
			isa = XCConfigurationList;
			buildConfigurations = (
				A200000000000000000014 /* Debug */,
				A200000000000000000015 /* Release */,
			);
			defaultConfigurationIsVisible = 0;
			defaultConfigurationName = Release;
		};
		A300000000000000000010 /* Build configuration list for PBXNativeTarget "CruisyWidgets" */ = {
			isa = XCConfigurationList;
			buildConfigurations = (
				A300000000000000000014 /* Debug */,
				A300000000000000000015 /* Release */,
			);
			defaultConfigurationIsVisible = 0;
			defaultConfigurationName = Release;
		};
		A400000000000000000010 /* Build configuration list for PBXNativeTarget "CruisyUITests" */ = {
			isa = XCConfigurationList;
			buildConfigurations = (
				A400000000000000000014 /* Debug */,
				A400000000000000000015 /* Release */,
			);
			defaultConfigurationIsVisible = 0;
			defaultConfigurationName = Release;
		};
/* End XCConfigurationList section */
	};
	rootObject = A100000000000000000009 /* Project object */;
}
